
Microsoft Visual Studio Solution File, Format Version 12.00
# Visual Studio Version 17
VisualStudioVersion = 17.5.002.0
MinimumVisualStudioVersion = 10.0.40219.1
Project("{9A19103F-16F7-4668-BE54-9A1E7A4F7556}") = "SingleTone", "SingleTone\SingleTone.csproj", "{19FDB943-54A4-47D1-AB6B-5B019A43CEE7}"
EndProject
Global
	GlobalSection(SolutionConfigurationPlatforms) = preSolution
		Debug|Any CPU = Debug|Any CPU
		Release|Any CPU = Release|Any CPU
	EndGlobalSection
	GlobalSection(ProjectConfigurationPlatforms) = postSolution
		{19FDB943-54A4-47D1-AB6B-5B019A43CEE7}.Debug|Any CPU.ActiveCfg = Debug|Any CPU
		{19FDB943-54A4-47D1-AB6B-5B019A43CEE7}.Debug|Any CPU.Build.0 = Debug|Any CPU
		{19FDB943-54A4-47D1-AB6B-5B019A43CEE7}.Release|Any CPU.ActiveCfg = Release|Any CPU
		{19FDB943-54A4-47D1-AB6B-5B019A43CEE7}.Release|Any CPU.Build.0 = Release|Any CPU
	EndGlobalSection
	GlobalSection(SolutionProperties) = preSolution
		HideSolutionNode = FALSE
	EndGlobalSection
	GlobalSection(ExtensibilityGlobals) = postSolution
		SolutionGuid = {A7DA120C-C84A-4CBD-8979-7FA5F1A5B4BF}
	EndGlobalSection
EndGlobal
